# THIS IS AN AUTOGENERATED FILE. DO NOT EDIT THIS FILE DIRECTLY.
# yarn lockfile v1


"@types/bittorrent-protocol@*":
  version "3.1.1"
  resolved "https://registry.yarnpkg.com/@types/bittorrent-protocol/-/bittorrent-protocol-3.1.1.tgz#76bfd5903d0f7c7b23289763f39aca9337b3b723"
  integrity sha512-YY3j5aJNTjAt5SA1P+4mK4cU4QuxSN79T1mzdQMLeQL1eTrruU5AxKcgxKZOuatPET3wCDx5JQnq+4XWpFEb/A==
  dependencies:
    "@types/node" "*"

"@types/magnet-uri@*":
  version "5.1.2"
  resolved "https://registry.yarnpkg.com/@types/magnet-uri/-/magnet-uri-5.1.2.tgz#7860417399d52ddc0be1021d570b4ac93ffc133e"
  integrity sha512-bXFPXskwHoEYP6t8rq4nWchOlbUzXkyhnfCVZmq+zb25R5pWkasw7BmTIqDKQ6RAQmq89jll1v23yLa/SvPfAw==
  dependencies:
    "@types/node" "*"

"@types/node@*":
  version "15.6.1"
  resolved "https://registry.yarnpkg.com/@types/node/-/node-15.6.1.tgz#32d43390d5c62c5b6ec486a9bc9c59544de39a08"
  integrity sha512-7EIraBEyRHEe7CH+Fm1XvgqU6uwZN8Q7jppJGcqjROMT29qhAuuOxYB1uEY5UMYQKEmA5D+5tBnhdaPXSsLONA==

"@types/parse-torrent-file@*":
  version "4.0.2"
  resolved "https://registry.yarnpkg.com/@types/parse-torrent-file/-/parse-torrent-file-4.0.2.tgz#40c96fc075aec256514807c6c381d11d9035bd9e"
  integrity sha512-EzdzpcN0sStQ35sUV2SChTJErLsbotsxZ/RYeR9gf3zXKlPLKaA7aIAoS/nuLRvfxH8mbrWQmXSw76alKecSdg==
  dependencies:
    "@types/node" "*"

"@types/parse-torrent@*":
  version "5.8.3"
  resolved "https://registry.yarnpkg.com/@types/parse-torrent/-/parse-torrent-5.8.3.tgz#ff4e987d09ad27ccc1c8893b3a2c6a31a3bc4042"
  integrity sha512-c0xAjnpov+Xk/2HTtpaBm0tukNIAoZoxrqgTDwSaIu6IVCynY+2YD9zcQNk2P6H4atcXzD78/LI2CQzLlMmAJg==
  dependencies:
    "@types/magnet-uri" "*"
    "@types/node" "*"
    "@types/parse-torrent-file" "*"

"@types/simple-peer@*":
  version "9.6.3"
  resolved "https://registry.yarnpkg.com/@types/simple-peer/-/simple-peer-9.6.3.tgz#aa118a57e036f4ce2059a7e25367526a4764206d"
  integrity sha512-zrXEBch9tF4NgkZDsGR3c1D0kq99M1bBCjzEyL0PVfEWzCIXrK64TuxRz3XKOx1B0KoEQ9kTs+AhMDuQaHy5RQ==
  dependencies:
    "@types/node" "*"

"@types/webtorrent@^0.109.0":
  version "0.109.0"
  resolved "https://registry.yarnpkg.com/@types/webtorrent/-/webtorrent-0.109.0.tgz#dd377691caf360317738f67fa0c3bce48623df57"
  integrity sha512-c6EgbuFRZqhM4TMnloRuLAcR45j/Qn0kQ6CKWMppXXHfaQpspB1ZeeYx2Bpc22MAgCc3pjlAakTRS2h15stW2A==
  dependencies:
    "@types/bittorrent-protocol" "*"
    "@types/node" "*"
    "@types/parse-torrent" "*"
    "@types/simple-peer" "*"

typescript@^4.0.0:
  version "4.3.2"
  resolved "https://registry.yarnpkg.com/typescript/-/typescript-4.3.2.tgz#399ab18aac45802d6f2498de5054fcbbe716a805"
  integrity sha512-zZ4hShnmnoVnAHpVHWpTcxdv7dWP60S2FsydQLV8V5PbS3FifjWFFRiHSWpDJahly88PRyV5teTSLoq4eG7mKw==

"wa-sqlite-base@https://github.com/ydylla/wa-sqlite-base.git":
  version "1.0.0"
  resolved "https://github.com/ydylla/wa-sqlite-base.git#637a5aa68599383b462802d8383f9af2c8613e7c"
